// !$*UTF8*$!
{
	archiveVersion = 1;
	classes = {
	};
	objectVersion = 56;
	objects = {

/* Begin PBXBuildFile section */
		CD9F2B672C125F1700D32088 /* SwiftDataDeadlockReproApp.swift in Sources */ = {isa = PBXBuildFile; fileRef = CD9F2B662C125F1700D32088 /* SwiftDataDeadlockReproApp.swift */; };
		CD9F2B692C125F1700D32088 /* ContentView.swift in Sources */ = {isa = PBXBuildFile; fileRef = CD9F2B682C125F1700D32088 /* ContentView.swift */; };
		CD9F2B6B2C125F1700D32088 /* Item.swift in Sources */ = {isa = PBXBuildFile; fileRef = CD9F2B6A2C125F1700D32088 /* Item.swift */; };
		CD9F2B6D2C125F1900D32088 /* Assets.xcassets in Resources */ = {isa = PBXBuildFile; fileRef = CD9F2B6C2C125F1900D32088 /* Assets.xcassets */; };
		CD9F2B712C125F1900D32088 /* Preview Assets.xcassets in Resources */ = {isa = PBXBuildFile; fileRef = CD9F2B702C125F1900D32088 /* Preview Assets.xcassets */; };
		CD9F2B782C125F2F00D32088 /* ModelActor.swift in Sources */ = {isa = PBXBuildFile; fileRef = CD9F2B772C125F2F00D32088 /* ModelActor.swift */; };
		CD9F2B7A2C125F4600D32088 /* SharedModelContainer.swift in Sources */ = {isa = PBXBuildFile; fileRef = CD9F2B792C125F4600D32088 /* SharedModelContainer.swift */; };
		CD9F2B7C2C1260B600D32088 /* ItemManager.swift in Sources */ = {isa = PBXBuildFile; fileRef = CD9F2B7B2C1260B600D32088 /* ItemManager.swift */; };
		CD9F2B7E2C12621C00D32088 /* ItemsView.swift in Sources */ = {isa = PBXBuildFile; fileRef = CD9F2B7D2C12621C00D32088 /* ItemsView.swift */; };
		CD9F2B802C12693A00D32088 /* ItemView.swift in Sources */ = {isa = PBXBuildFile; fileRef = CD9F2B7F2C12693A00D32088 /* ItemView.swift */; };
/* End PBXBuildFile section */

/* Begin PBXFileReference section */
		CD9F2B632C125F1700D32088 /* SwiftDataDeadlockRepro.app */ = {isa = PBXFileReference; explicitFileType = wrapper.application; includeInIndex = 0; path = SwiftDataDeadlockRepro.app; sourceTree = BUILT_PRODUCTS_DIR; };
		CD9F2B662C125F1700D32088 /* SwiftDataDeadlockReproApp.swift */ = {isa = PBXFileReference; lastKnownFileType = sourcecode.swift; path = SwiftDataDeadlockReproApp.swift; sourceTree = "<group>"; };
		CD9F2B682C125F1700D32088 /* ContentView.swift */ = {isa = PBXFileReference; lastKnownFileType = sourcecode.swift; path = ContentView.swift; sourceTree = "<group>"; };
		CD9F2B6A2C125F1700D32088 /* Item.swift */ = {isa = PBXFileReference; lastKnownFileType = sourcecode.swift; path = Item.swift; sourceTree = "<group>"; };
		CD9F2B6C2C125F1900D32088 /* Assets.xcassets */ = {isa = PBXFileReference; lastKnownFileType = folder.assetcatalog; path = Assets.xcassets; sourceTree = "<group>"; };
		CD9F2B6E2C125F1900D32088 /* SwiftDataDeadlockRepro.entitlements */ = {isa = PBXFileReference; lastKnownFileType = text.plist.entitlements; path = SwiftDataDeadlockRepro.entitlements; sourceTree = "<group>"; };
		CD9F2B702C125F1900D32088 /* Preview Assets.xcassets */ = {isa = PBXFileReference; lastKnownFileType = folder.assetcatalog; path = "Preview Assets.xcassets"; sourceTree = "<group>"; };
		CD9F2B772C125F2F00D32088 /* ModelActor.swift */ = {isa = PBXFileReference; lastKnownFileType = sourcecode.swift; path = ModelActor.swift; sourceTree = "<group>"; };
		CD9F2B792C125F4600D32088 /* SharedModelContainer.swift */ = {isa = PBXFileReference; lastKnownFileType = sourcecode.swift; path = SharedModelContainer.swift; sourceTree = "<group>"; };
		CD9F2B7B2C1260B600D32088 /* ItemManager.swift */ = {isa = PBXFileReference; lastKnownFileType = sourcecode.swift; path = ItemManager.swift; sourceTree = "<group>"; };
		CD9F2B7D2C12621C00D32088 /* ItemsView.swift */ = {isa = PBXFileReference; lastKnownFileType = sourcecode.swift; path = ItemsView.swift; sourceTree = "<group>"; };
		CD9F2B7F2C12693A00D32088 /* ItemView.swift */ = {isa = PBXFileReference; lastKnownFileType = sourcecode.swift; path = ItemView.swift; sourceTree = "<group>"; };
/* End PBXFileReference section */

/* Begin PBXFrameworksBuildPhase section */
		CD9F2B602C125F1700D32088 /* Frameworks */ = {
			isa = PBXFrameworksBuildPhase;
			buildActionMask = 2147483647;
			files = (
			);
			runOnlyForDeploymentPostprocessing = 0;
		};
/* End PBXFrameworksBuildPhase section */

/* Begin PBXGroup section */
		CD9F2B5A2C125F1700D32088 = {
			isa = PBXGroup;
			children = (
				CD9F2B652C125F1700D32088 /* SwiftDataDeadlockRepro */,
				CD9F2B642C125F1700D32088 /* Products */,
			);
			sourceTree = "<group>";
		};
		CD9F2B642C125F1700D32088 /* Products */ = {
			isa = PBXGroup;
			children = (
				CD9F2B632C125F1700D32088 /* SwiftDataDeadlockRepro.app */,
			);
			name = Products;
			sourceTree = "<group>";
		};
		CD9F2B652C125F1700D32088 /* SwiftDataDeadlockRepro */ = {
			isa = PBXGroup;
			children = (
				CD9F2B7D2C12621C00D32088 /* ItemsView.swift */,
				CD9F2B682C125F1700D32088 /* ContentView.swift */,
				CD9F2B662C125F1700D32088 /* SwiftDataDeadlockReproApp.swift */,
				CD9F2B792C125F4600D32088 /* SharedModelContainer.swift */,
				CD9F2B772C125F2F00D32088 /* ModelActor.swift */,
				CD9F2B7B2C1260B600D32088 /* ItemManager.swift */,
				CD9F2B6A2C125F1700D32088 /* Item.swift */,
				CD9F2B6C2C125F1900D32088 /* Assets.xcassets */,
				CD9F2B6E2C125F1900D32088 /* SwiftDataDeadlockRepro.entitlements */,
				CD9F2B6F2C125F1900D32088 /* Preview Content */,
				CD9F2B7F2C12693A00D32088 /* ItemView.swift */,
			);
			path = SwiftDataDeadlockRepro;
			sourceTree = "<group>";
		};
		CD9F2B6F2C125F1900D32088 /* Preview Content */ = {
			isa = PBXGroup;
			children = (
				CD9F2B702C125F1900D32088 /* Preview Assets.xcassets */,
			);
			path = "Preview Content";
			sourceTree = "<group>";
		};
/* End PBXGroup section */

/* Begin PBXNativeTarget section */
		CD9F2B622C125F1700D32088 /* SwiftDataDeadlockRepro */ = {
			isa = PBXNativeTarget;
			buildConfigurationList = CD9F2B742C125F1900D32088 /* Build configuration list for PBXNativeTarget "SwiftDataDeadlockRepro" */;
			buildPhases = (
				CD9F2B5F2C125F1700D32088 /* Sources */,
				CD9F2B602C125F1700D32088 /* Frameworks */,
				CD9F2B612C125F1700D32088 /* Resources */,
			);
			buildRules = (
			);
			dependencies = (
			);
			name = SwiftDataDeadlockRepro;
			productName = SwiftDataDeadlockRepro;
			productReference = CD9F2B632C125F1700D32088 /* SwiftDataDeadlockRepro.app */;
			productType = "com.apple.product-type.application";
		};
/* End PBXNativeTarget section */

/* Begin PBXProject section */
		CD9F2B5B2C125F1700D32088 /* Project object */ = {
			isa = PBXProject;
			attributes = {
				BuildIndependentTargetsInParallel = 1;
				LastSwiftUpdateCheck = 1540;
				LastUpgradeCheck = 1540;
				TargetAttributes = {
					CD9F2B622C125F1700D32088 = {
						CreatedOnToolsVersion = 15.4;
					};
				};
			};
			buildConfigurationList = CD9F2B5E2C125F1700D32088 /* Build configuration list for PBXProject "SwiftDataDeadlockRepro" */;
			compatibilityVersion = "Xcode 14.0";
			developmentRegion = en;
			hasScannedForEncodings = 0;
			knownRegions = (
				en,
				Base,
			);
			mainGroup = CD9F2B5A2C125F1700D32088;
			productRefGroup = CD9F2B642C125F1700D32088 /* Products */;
			projectDirPath = "";
			projectRoot = "";
			targets = (
				CD9F2B622C125F1700D32088 /* SwiftDataDeadlockRepro */,
			);
		};
/* End PBXProject section */

/* Begin PBXResourcesBuildPhase section */
		CD9F2B612C125F1700D32088 /* Resources */ = {
			isa = PBXResourcesBuildPhase;
			buildActionMask = 2147483647;
			files = (
				CD9F2B712C125F1900D32088 /* Preview Assets.xcassets in Resources */,
				CD9F2B6D2C125F1900D32088 /* Assets.xcassets in Resources */,
			);
			runOnlyForDeploymentPostprocessing = 0;
		};
/* End PBXResourcesBuildPhase section */

/* Begin PBXSourcesBuildPhase section */
		CD9F2B5F2C125F1700D32088 /* Sources */ = {
			isa = PBXSourcesBuildPhase;
			buildActionMask = 2147483647;
			files = (
				CD9F2B692C125F1700D32088 /* ContentView.swift in Sources */,
				CD9F2B782C125F2F00D32088 /* ModelActor.swift in Sources */,
				CD9F2B7E2C12621C00D32088 /* ItemsView.swift in Sources */,
				CD9F2B802C12693A00D32088 /* ItemView.swift in Sources */,
				CD9F2B6B2C125F1700D32088 /* Item.swift in Sources */,
				CD9F2B7A2C125F4600D32088 /* SharedModelContainer.swift in Sources */,
				CD9F2B7C2C1260B600D32088 /* ItemManager.swift in Sources */,
				CD9F2B672C125F1700D32088 /* SwiftDataDeadlockReproApp.swift in Sources */,
			);
			runOnlyForDeploymentPostprocessing = 0;
		};
/* End PBXSourcesBuildPhase section */

/* Begin XCBuildConfiguration section */
		CD9F2B722C125F1900D32088 /* Debug */ = {
			isa = XCBuildConfiguration;
			buildSettings = {
				ALWAYS_SEARCH_USER_PATHS = NO;
				ASSETCATALOG_COMPILER_GENERATE_SWIFT_ASSET_SYMBOL_EXTENSIONS = YES;
				CLANG_ANALYZER_NONNULL = YES;
				CLANG_ANALYZER_NUMBER_OBJECT_CONVERSION = YES_AGGRESSIVE;
				CLANG_CXX_LANGUAGE_STANDARD = "gnu++20";
				CLANG_ENABLE_MODULES = YES;
				CLANG_ENABLE_OBJC_ARC = YES;
				CLANG_ENABLE_OBJC_WEAK = YES;
				CLANG_WARN_BLOCK_CAPTURE_AUTORELEASING = YES;
				CLANG_WARN_BOOL_CONVERSION = YES;
				CLANG_WARN_COMMA = YES;
				CLANG_WARN_CONSTANT_CONVERSION = YES;
				CLANG_WARN_DEPRECATED_OBJC_IMPLEMENTATIONS = YES;
				CLANG_WARN_DIRECT_OBJC_ISA_USAGE = YES_ERROR;
				CLANG_WARN_DOCUMENTATION_COMMENTS = YES;
				CLANG_WARN_EMPTY_BODY = YES;
				CLANG_WARN_ENUM_CONVERSION = YES;
				CLANG_WARN_INFINITE_RECURSION = YES;
				CLANG_WARN_INT_CONVERSION = YES;
				CLANG_WARN_NON_LITERAL_NULL_CONVERSION = YES;
				CLANG_WARN_OBJC_IMPLICIT_RETAIN_SELF = YES;
				CLANG_WARN_OBJC_LITERAL_CONVERSION = YES;
				CLANG_WARN_OBJC_ROOT_CLASS = YES_ERROR;
				CLANG_WARN_QUOTED_INCLUDE_IN_FRAMEWORK_HEADER = YES;
				CLANG_WARN_RANGE_LOOP_ANALYSIS = YES;
				CLANG_WARN_STRICT_PROTOTYPES = YES;
				CLANG_WARN_SUSPICIOUS_MOVE = YES;
				CLANG_WARN_UNGUARDED_AVAILABILITY = YES_AGGRESSIVE;
				CLANG_WARN_UNREACHABLE_CODE = YES;
				CLANG_WARN__DUPLICATE_METHOD_MATCH = YES;
				COPY_PHASE_STRIP = NO;
				DEBUG_INFORMATION_FORMAT = dwarf;
				ENABLE_STRICT_OBJC_MSGSEND = YES;
				ENABLE_TESTABILITY = YES;
				ENABLE_USER_SCRIPT_SANDBOXING = YES;
				GCC_C_LANGUAGE_STANDARD = gnu17;
				GCC_DYNAMIC_NO_PIC = NO;
				GCC_NO_COMMON_BLOCKS = YES;
				GCC_OPTIMIZATION_LEVEL = 0;
				GCC_PREPROCESSOR_DEFINITIONS = (
					"DEBUG=1",
					"$(inherited)",
				);
				GCC_WARN_64_TO_32_BIT_CONVERSION = YES;
				GCC_WARN_ABOUT_RETURN_TYPE = YES_ERROR;
				GCC_WARN_UNDECLARED_SELECTOR = YES;
				GCC_WARN_UNINITIALIZED_AUTOS = YES_AGGRESSIVE;
				GCC_WARN_UNUSED_FUNCTION = YES;
				GCC_WARN_UNUSED_VARIABLE = YES;
				IPHONEOS_DEPLOYMENT_TARGET = 17.0;
				LOCALIZATION_PREFERS_STRING_CATALOGS = YES;
				MTL_ENABLE_DEBUG_INFO = INCLUDE_SOURCE;
				MTL_FAST_MATH = YES;
				ONLY_ACTIVE_ARCH = YES;
				SWIFT_ACTIVE_COMPILATION_CONDITIONS = "DEBUG $(inherited)";
				SWIFT_OPTIMIZATION_LEVEL = "-Onone";
			};
			name = Debug;
		};
		CD9F2B732C125F1900D32088 /* Release */ = {
			isa = XCBuildConfiguration;
			buildSettings = {
				ALWAYS_SEARCH_USER_PATHS = NO;
				ASSETCATALOG_COMPILER_GENERATE_SWIFT_ASSET_SYMBOL_EXTENSIONS = YES;
				CLANG_ANALYZER_NONNULL = YES;
				CLANG_ANALYZER_NUMBER_OBJECT_CONVERSION = YES_AGGRESSIVE;
				CLANG_CXX_LANGUAGE_STANDARD = "gnu++20";
				CLANG_ENABLE_MODULES = YES;
				CLANG_ENABLE_OBJC_ARC = YES;
				CLANG_ENABLE_OBJC_WEAK = YES;
				CLANG_WARN_BLOCK_CAPTURE_AUTORELEASING = YES;
				CLANG_WARN_BOOL_CONVERSION = YES;
				CLANG_WARN_COMMA = YES;
				CLANG_WARN_CONSTANT_CONVERSION = YES;
				CLANG_WARN_DEPRECATED_OBJC_IMPLEMENTATIONS = YES;
				CLANG_WARN_DIRECT_OBJC_ISA_USAGE = YES_ERROR;
				CLANG_WARN_DOCUMENTATION_COMMENTS = YES;
				CLANG_WARN_EMPTY_BODY = YES;
				CLANG_WARN_ENUM_CONVERSION = YES;
				CLANG_WARN_INFINITE_RECURSION = YES;
				CLANG_WARN_INT_CONVERSION = YES;
				CLANG_WARN_NON_LITERAL_NULL_CONVERSION = YES;
				CLANG_WARN_OBJC_IMPLICIT_RETAIN_SELF = YES;
				CLANG_WARN_OBJC_LITERAL_CONVERSION = YES;
				CLANG_WARN_OBJC_ROOT_CLASS = YES_ERROR;
				CLANG_WARN_QUOTED_INCLUDE_IN_FRAMEWORK_HEADER = YES;
				CLANG_WARN_RANGE_LOOP_ANALYSIS = YES;
				CLANG_WARN_STRICT_PROTOTYPES = YES;
				CLANG_WARN_SUSPICIOUS_MOVE = YES;
				CLANG_WARN_UNGUARDED_AVAILABILITY = YES_AGGRESSIVE;
				CLANG_WARN_UNREACHABLE_CODE = YES;
				CLANG_WARN__DUPLICATE_METHOD_MATCH = YES;
				COPY_PHASE_STRIP = NO;
				DEBUG_INFORMATION_FORMAT = "dwarf-with-dsym";
				ENABLE_NS_ASSERTIONS = NO;
				ENABLE_STRICT_OBJC_MSGSEND = YES;
				ENABLE_USER_SCRIPT_SANDBOXING = YES;
				GCC_C_LANGUAGE_STANDARD = gnu17;
				GCC_NO_COMMON_BLOCKS = YES;
				GCC_WARN_64_TO_32_BIT_CONVERSION = YES;
				GCC_WARN_ABOUT_RETURN_TYPE = YES_ERROR;
				GCC_WARN_UNDECLARED_SELECTOR = YES;
				GCC_WARN_UNINITIALIZED_AUTOS = YES_AGGRESSIVE;
				GCC_WARN_UNUSED_FUNCTION = YES;
				GCC_WARN_UNUSED_VARIABLE = YES;
				IPHONEOS_DEPLOYMENT_TARGET = 17.0;
				LOCALIZATION_PREFERS_STRING_CATALOGS = YES;
				MTL_ENABLE_DEBUG_INFO = NO;
				MTL_FAST_MATH = YES;
				SWIFT_COMPILATION_MODE = wholemodule;
			};
			name = Release;
		};
		CD9F2B752C125F1900D32088 /* Debug */ = {
			isa = XCBuildConfiguration;
			buildSettings = {
				ASSETCATALOG_COMPILER_APPICON_NAME = AppIcon;
				ASSETCATALOG_COMPILER_GLOBAL_ACCENT_COLOR_NAME = AccentColor;
				CODE_SIGN_ENTITLEMENTS = SwiftDataDeadlockRepro/SwiftDataDeadlockRepro.entitlements;
				CODE_SIGN_STYLE = Automatic;
				CURRENT_PROJECT_VERSION = 1;
				DEVELOPMENT_ASSET_PATHS = "\"SwiftDataDeadlockRepro/Preview Content\"";
				DEVELOPMENT_TEAM = KZ2TK59233;
				ENABLE_HARDENED_RUNTIME = YES;
				ENABLE_PREVIEWS = YES;
				GENERATE_INFOPLIST_FILE = YES;
				"INFOPLIST_KEY_UIApplicationSceneManifest_Generation[sdk=iphoneos*]" = YES;
				"INFOPLIST_KEY_UIApplicationSceneManifest_Generation[sdk=iphonesimulator*]" = YES;
				"INFOPLIST_KEY_UIApplicationSupportsIndirectInputEvents[sdk=iphoneos*]" = YES;
				"INFOPLIST_KEY_UIApplicationSupportsIndirectInputEvents[sdk=iphonesimulator*]" = YES;
				"INFOPLIST_KEY_UILaunchScreen_Generation[sdk=iphoneos*]" = YES;
				"INFOPLIST_KEY_UILaunchScreen_Generation[sdk=iphonesimulator*]" = YES;
				"INFOPLIST_KEY_UIStatusBarStyle[sdk=iphoneos*]" = UIStatusBarStyleDefault;
				"INFOPLIST_KEY_UIStatusBarStyle[sdk=iphonesimulator*]" = UIStatusBarStyleDefault;
				INFOPLIST_KEY_UISupportedInterfaceOrientations_iPad = "UIInterfaceOrientationPortrait UIInterfaceOrientationPortraitUpsideDown UIInterfaceOrientationLandscapeLeft UIInterfaceOrientationLandscapeRight";
				INFOPLIST_KEY_UISupportedInterfaceOrientations_iPhone = "UIInterfaceOrientationPortrait UIInterfaceOrientationLandscapeLeft UIInterfaceOrientationLandscapeRight";
				IPHONEOS_DEPLOYMENT_TARGET = 17.0;
				LD_RUNPATH_SEARCH_PATHS = "@executable_path/Frameworks";
				"LD_RUNPATH_SEARCH_PATHS[sdk=macosx*]" = "@executable_path/../Frameworks";
				MACOSX_DEPLOYMENT_TARGET = 14.0;
				MARKETING_VERSION = 1.0;
				PRODUCT_BUNDLE_IDENTIFIER = com.philipshen.SwiftDataDeadlockRepro.SwiftDataDeadlockRepro;
				PRODUCT_NAME = "$(TARGET_NAME)";
				SDKROOT = auto;
				SUPPORTED_PLATFORMS = "iphoneos iphonesimulator macosx";
				SWIFT_EMIT_LOC_STRINGS = YES;
				SWIFT_VERSION = 5.0;
				TARGETED_DEVICE_FAMILY = "1,2";
			};
			name = Debug;
		};
		CD9F2B762C125F1900D32088 /* Release */ = {
			isa = XCBuildConfiguration;
			buildSettings = {
				ASSETCATALOG_COMPILER_APPICON_NAME = AppIcon;
				ASSETCATALOG_COMPILER_GLOBAL_ACCENT_COLOR_NAME = AccentColor;
				CODE_SIGN_ENTITLEMENTS = SwiftDataDeadlockRepro/SwiftDataDeadlockRepro.entitlements;
				CODE_SIGN_STYLE = Automatic;
				CURRENT_PROJECT_VERSION = 1;
				DEVELOPMENT_ASSET_PATHS = "\"SwiftDataDeadlockRepro/Preview Content\"";
				DEVELOPMENT_TEAM = KZ2TK59233;
				ENABLE_HARDENED_RUNTIME = YES;
				ENABLE_PREVIEWS = YES;
				GENERATE_INFOPLIST_FILE = YES;
				"INFOPLIST_KEY_UIApplicationSceneManifest_Generation[sdk=iphoneos*]" = YES;
				"INFOPLIST_KEY_UIApplicationSceneManifest_Generation[sdk=iphonesimulator*]" = YES;
				"INFOPLIST_KEY_UIApplicationSupportsIndirectInputEvents[sdk=iphoneos*]" = YES;
				"INFOPLIST_KEY_UIApplicationSupportsIndirectInputEvents[sdk=iphonesimulator*]" = YES;
				"INFOPLIST_KEY_UILaunchScreen_Generation[sdk=iphoneos*]" = YES;
				"INFOPLIST_KEY_UILaunchScreen_Generation[sdk=iphonesimulator*]" = YES;
				"INFOPLIST_KEY_UIStatusBarStyle[sdk=iphoneos*]" = UIStatusBarStyleDefault;
				"INFOPLIST_KEY_UIStatusBarStyle[sdk=iphonesimulator*]" = UIStatusBarStyleDefault;
				INFOPLIST_KEY_UISupportedInterfaceOrientations_iPad = "UIInterfaceOrientationPortrait UIInterfaceOrientationPortraitUpsideDown UIInterfaceOrientationLandscapeLeft UIInterfaceOrientationLandscapeRight";
				INFOPLIST_KEY_UISupportedInterfaceOrientations_iPhone = "UIInterfaceOrientationPortrait UIInterfaceOrientationLandscapeLeft UIInterfaceOrientationLandscapeRight";
				IPHONEOS_DEPLOYMENT_TARGET = 17.0;
				LD_RUNPATH_SEARCH_PATHS = "@executable_path/Frameworks";
				"LD_RUNPATH_SEARCH_PATHS[sdk=macosx*]" = "@executable_path/../Frameworks";
				MACOSX_DEPLOYMENT_TARGET = 14.0;
				MARKETING_VERSION = 1.0;
				PRODUCT_BUNDLE_IDENTIFIER = com.philipshen.SwiftDataDeadlockRepro.SwiftDataDeadlockRepro;
				PRODUCT_NAME = "$(TARGET_NAME)";
				SDKROOT = auto;
				SUPPORTED_PLATFORMS = "iphoneos iphonesimulator macosx";
				SWIFT_EMIT_LOC_STRINGS = YES;
				SWIFT_VERSION = 5.0;
				TARGETED_DEVICE_FAMILY = "1,2";
			};
			name = Release;
		};
/* End XCBuildConfiguration section */

/* Begin XCConfigurationList section */
		CD9F2B5E2C125F1700D32088 /* Build configuration list for PBXProject "SwiftDataDeadlockRepro" */ = {
			isa = XCConfigurationList;
			buildConfigurations = (
				CD9F2B722C125F1900D32088 /* Debug */,
				CD9F2B732C125F1900D32088 /* Release */,
			);
			defaultConfigurationIsVisible = 0;
			defaultConfigurationName = Release;
		};
		CD9F2B742C125F1900D32088 /* Build configuration list for PBXNativeTarget "SwiftDataDeadlockRepro" */ = {
			isa = XCConfigurationList;
			buildConfigurations = (
				CD9F2B752C125F1900D32088 /* Debug */,
				CD9F2B762C125F1900D32088 /* Release */,
			);
			defaultConfigurationIsVisible = 0;
			defaultConfigurationName = Release;
		};
/* End XCConfigurationList section */
	};
	rootObject = CD9F2B5B2C125F1700D32088 /* Project object */;
}
